
Microsoft Visual Studio Solution File, Format Version 12.00
# Visual Studio Version 16
VisualStudioVersion = 16.0.30907.101
MinimumVisualStudioVersion = 10.0.40219.1
Project("{9A19103F-16F7-4668-BE54-9A1E7A4F7556}") = "SmartSchool.API", "SmarSchool.API\SmartSchool.API.csproj", "{27641026-3C92-44AF-9525-BA392FA560E0}"
EndProject
Global
	GlobalSection(SolutionConfigurationPlatforms) = preSolution
		Debug|Any CPU = Debug|Any CPU
		Release|Any CPU = Release|Any CPU
	EndGlobalSection
	GlobalSection(ProjectConfigurationPlatforms) = postSolution
		{27641026-3C92-44AF-9525-BA392FA560E0}.Debug|Any CPU.ActiveCfg = Debug|Any CPU
		{27641026-3C92-44AF-9525-BA392FA560E0}.Debug|Any CPU.Build.0 = Debug|Any CPU
		{27641026-3C92-44AF-9525-BA392FA560E0}.Release|Any CPU.ActiveCfg = Release|Any CPU
		{27641026-3C92-44AF-9525-BA392FA560E0}.Release|Any CPU.Build.0 = Release|Any CPU
	EndGlobalSection
	GlobalSection(SolutionProperties) = preSolution
		HideSolutionNode = FALSE
	EndGlobalSection
	GlobalSection(ExtensibilityGlobals) = postSolution
		SolutionGuid = {056AFB3C-71E6-4D44-8071-3F7089AFC975}
	EndGlobalSection
EndGlobal
